
Microsoft Visual Studio Solution File, Format Version 12.00
# Visual Studio 15
VisualStudioVersion = 15.0.28307.1082
MinimumVisualStudioVersion = 10.0.40219.1
Project("{FAE04EC0-301F-11D3-BF4B-00C04F79EFBC}") = "Accounts", "Accounts\Accounts.csproj", "{BC8B565D-3A6C-494E-9F1F-4EBBE46E68F2}"
EndProject
Global
	GlobalSection(SolutionConfigurationPlatforms) = preSolution
		Debug|Any CPU = Debug|Any CPU
		Release|Any CPU = Release|Any CPU
	EndGlobalSection
	GlobalSection(ProjectConfigurationPlatforms) = postSolution
		{BC8B565D-3A6C-494E-9F1F-4EBBE46E68F2}.Debug|Any CPU.ActiveCfg = Debug|Any CPU
		{BC8B565D-3A6C-494E-9F1F-4EBBE46E68F2}.Debug|Any CPU.Build.0 = Debug|Any CPU
		{BC8B565D-3A6C-494E-9F1F-4EBBE46E68F2}.Release|Any CPU.ActiveCfg = Release|Any CPU
		{BC8B565D-3A6C-494E-9F1F-4EBBE46E68F2}.Release|Any CPU.Build.0 = Release|Any CPU
	EndGlobalSection
	GlobalSection(SolutionProperties) = preSolution
		HideSolutionNode = FALSE
	EndGlobalSection
	GlobalSection(ExtensibilityGlobals) = postSolution
		SolutionGuid = {B013D2C3-CEB9-4442-A068-B508262F343F}
	EndGlobalSection
EndGlobal
